
Microsoft Visual Studio Solution File, Format Version 12.00
# Visual Studio Version 16
VisualStudioVersion = 16.0.31205.134
MinimumVisualStudioVersion = 10.0.40219.1
Project("{FAE04EC0-301F-11D3-BF4B-00C04F79EFBC}") = "ShopBridgeInventory", "ShopBridgeInventory\ShopBridgeInventory.csproj", "{62DE3820-EB14-41A8-8592-7C04E5E25D50}"
EndProject
Global
	GlobalSection(SolutionConfigurationPlatforms) = preSolution
		Debug|Any CPU = Debug|Any CPU
		Release|Any CPU = Release|Any CPU
	EndGlobalSection
	GlobalSection(ProjectConfigurationPlatforms) = postSolution
		{62DE3820-EB14-41A8-8592-7C04E5E25D50}.Debug|Any CPU.ActiveCfg = Debug|Any CPU
		{62DE3820-EB14-41A8-8592-7C04E5E25D50}.Debug|Any CPU.Build.0 = Debug|Any CPU
		{62DE3820-EB14-41A8-8592-7C04E5E25D50}.Release|Any CPU.ActiveCfg = Release|Any CPU
		{62DE3820-EB14-41A8-8592-7C04E5E25D50}.Release|Any CPU.Build.0 = Release|Any CPU
	EndGlobalSection
	GlobalSection(SolutionProperties) = preSolution
		HideSolutionNode = FALSE
	EndGlobalSection
	GlobalSection(ExtensibilityGlobals) = postSolution
		SolutionGuid = {9D813070-7E1D-4C40-B647-DD2447E07F2B}
	EndGlobalSection
EndGlobal
